
Microsoft Visual Studio Solution File, Format Version 12.00
# Visual Studio Version 16
VisualStudioVersion = 16.0.30517.126
MinimumVisualStudioVersion = 10.0.40219.1
Project("{FAE04EC0-301F-11D3-BF4B-00C04F79EFBC}") = "CountingBot", "CountingBot\CountingBot.csproj", "{296F301B-C573-4670-8C42-7E68A8BC0E69}"
EndProject
Global
	GlobalSection(SolutionConfigurationPlatforms) = preSolution
		Debug|Any CPU = Debug|Any CPU
		Release|Any CPU = Release|Any CPU
	EndGlobalSection
	GlobalSection(ProjectConfigurationPlatforms) = postSolution
		{296F301B-C573-4670-8C42-7E68A8BC0E69}.Debug|Any CPU.ActiveCfg = Debug|Any CPU
		{296F301B-C573-4670-8C42-7E68A8BC0E69}.Debug|Any CPU.Build.0 = Debug|Any CPU
		{296F301B-C573-4670-8C42-7E68A8BC0E69}.Release|Any CPU.ActiveCfg = Release|Any CPU
		{296F301B-C573-4670-8C42-7E68A8BC0E69}.Release|Any CPU.Build.0 = Release|Any CPU
	EndGlobalSection
	GlobalSection(SolutionProperties) = preSolution
		HideSolutionNode = FALSE
	EndGlobalSection
	GlobalSection(ExtensibilityGlobals) = postSolution
		SolutionGuid = {D8DBCA12-132C-49DE-9055-910F10E5C700}
	EndGlobalSection
EndGlobal
